
Microsoft Visual Studio Solution File, Format Version 12.00
# Visual Studio Version 16
VisualStudioVersion = 16.0.31702.278
MinimumVisualStudioVersion = 10.0.40219.1
Project("{FAE04EC0-301F-11D3-BF4B-00C04F79EFBC}") = "InterfaceExample", "InterfaceExample\InterfaceExample.csproj", "{7E71A478-1169-4A1E-81F9-11B2F90BD3C5}"
EndProject
Global
	GlobalSection(SolutionConfigurationPlatforms) = preSolution
		Debug|Any CPU = Debug|Any CPU
		Release|Any CPU = Release|Any CPU
	EndGlobalSection
	GlobalSection(ProjectConfigurationPlatforms) = postSolution
		{7E71A478-1169-4A1E-81F9-11B2F90BD3C5}.Debug|Any CPU.ActiveCfg = Debug|Any CPU
		{7E71A478-1169-4A1E-81F9-11B2F90BD3C5}.Debug|Any CPU.Build.0 = Debug|Any CPU
		{7E71A478-1169-4A1E-81F9-11B2F90BD3C5}.Release|Any CPU.ActiveCfg = Release|Any CPU
		{7E71A478-1169-4A1E-81F9-11B2F90BD3C5}.Release|Any CPU.Build.0 = Release|Any CPU
	EndGlobalSection
	GlobalSection(SolutionProperties) = preSolution
		HideSolutionNode = FALSE
	EndGlobalSection
	GlobalSection(ExtensibilityGlobals) = postSolution
		SolutionGuid = {19CF272B-CDDE-4E94-BEAA-4CBB72144D82}
	EndGlobalSection
EndGlobal
